<?xml version="1.0" encoding="utf-8"?>
<Project ToolsVersion="4.0" xmlns="http://schemas.microsoft.com/developer/msbuild/2003">
  <ItemGroup>
    <Filter Include="Source Files">
      <UniqueIdentifier>{4FC737F1-C7A5-4376-A066-2A32D752A2FF}</UniqueIdentifier>
      <Extensions>cpp;c;cc;cxx;def;odl;idl;hpj;bat;asm;asmx</Extensions>
    </Filter>
    <Filter Include="Header Files">
      <UniqueIdentifier>{93995380-89BD-4b04-88EB-625FBE52EBFB}</UniqueIdentifier>
      <Extensions>h;hh;hpp;hxx;hm;inl;inc;xsd</Extensions>
    </Filter>
    <Filter Include="Resource Files">
      <UniqueIdentifier>{67DA6AB6-F800-4c08-8B7A-83BB121AAD01}</UniqueIdentifier>
      <Extensions>rc;ico;cur;bmp;dlg;rc2;rct;bin;rgs;gif;jpg;jpeg;jpe;resx;tiff;tif;png;wav</Extensions>
    </Filter>
  </ItemGroup>
  <ItemGroup>
    <ClCompile Include="main.c">
      <Filter>Source Files</Filter>
    </ClCompile>
    <ClCompile Include="include\glad.c">
      <Filter>Source Files</Filter>
    </ClCompile>
    <ClCompile Include="include\libcake\src\array.c">
      <Filter>Source Files</Filter>
    </ClCompile>
    <ClCompile Include="include\libcake\src\console.c">
      <Filter>Source Files</Filter>
    </ClCompile>
    <ClCompile Include="include\libcake\src\css.c">
      <Filter>Source Files</Filter>
    </ClCompile>
    <ClCompile Include="include\libcake\src\csv.c">
      <Filter>Source Files</Filter>
    </ClCompile>
    <ClCompile Include="include\libcake\src\directory.c">
      <Filter>Source Files</Filter>
    </ClCompile>
    <ClCompile Include="include\libcake\src\encrypt.c">
      <Filter>Source Files</Filter>
    </ClCompile>
    <ClCompile Include="include\libcake\src\error.c">
      <Filter>Source Files</Filter>
    </ClCompile>
    <ClCompile Include="include\libcake\src\fdio.c">
      <Filter>Source Files</Filter>
    </ClCompile>
    <ClCompile Include="include\libcake\src\file.c">
      <Filter>Source Files</Filter>
    </ClCompile>
    <ClCompile Include="include\libcake\src\fileobject.c">
      <Filter>Source Files</Filter>
    </ClCompile>
    <ClCompile Include="include\libcake\src\hook.c">
      <Filter>Source Files</Filter>
    </ClCompile>
    <ClCompile Include="include\libcake\src\html.c">
      <Filter>Source Files</Filter>
    </ClCompile>
    <ClCompile Include="include\libcake\src\http.c">
      <Filter>Source Files</Filter>
    </ClCompile>
    <ClCompile Include="include\libcake\src\option.c">
      <Filter>Source Files</Filter>
    </ClCompile>
    <ClCompile Include="include\libcake\src\pipe.c">
      <Filter>Source Files</Filter>
    </ClCompile>
    <ClCompile Include="include\libcake\src\process.c">
      <Filter>Source Files</Filter>
    </ClCompile>
    <ClCompile Include="include\libcake\src\signal.c">
      <Filter>Source Files</Filter>
    </ClCompile>
    <ClCompile Include="include\libcake\src\socket.c">
      <Filter>Source Files</Filter>
    </ClCompile>
    <ClCompile Include="include\libcake\src\strutf16.c">
      <Filter>Source Files</Filter>
    </ClCompile>
    <ClCompile Include="include\libcake\src\strutf8.c">
      <Filter>Source Files</Filter>
    </ClCompile>
    <ClCompile Include="include\libcake\src\thread.c">
      <Filter>Source Files</Filter>
    </ClCompile>
    <ClCompile Include="include\libcake\src\time.c">
      <Filter>Source Files</Filter>
    </ClCompile>
    <ClCompile Include="include\libcake\src\vector.c">
      <Filter>Source Files</Filter>
    </ClCompile>
    <ClCompile Include="include\libcake\src\win.c">
      <Filter>Source Files</Filter>
    </ClCompile>
    <ClCompile Include="include\libcake\src\window.c">
      <Filter>Source Files</Filter>
    </ClCompile>
  </ItemGroup>
  <ItemGroup>
    <ClInclude Include="include\libcake\alloc.h">
      <Filter>Header Files</Filter>
    </ClInclude>
    <ClInclude Include="include\libcake\array.h">
      <Filter>Header Files</Filter>
    </ClInclude>
    <ClInclude Include="include\libcake\assembly.h">
      <Filter>Header Files</Filter>
    </ClInclude>
    <ClInclude Include="include\libcake\console.h">
      <Filter>Header Files</Filter>
    </ClInclude>
    <ClInclude Include="include\libcake\css.h">
      <Filter>Header Files</Filter>
    </ClInclude>
    <ClInclude Include="include\libcake\csv.h">
      <Filter>Header Files</Filter>
    </ClInclude>
    <ClInclude Include="include\libcake\def.h">
      <Filter>Header Files</Filter>
    </ClInclude>
    <ClInclude Include="include\libcake\directory.h">
      <Filter>Header Files</Filter>
    </ClInclude>
    <ClInclude Include="include\libcake\encrypt.h">
      <Filter>Header Files</Filter>
    </ClInclude>
    <ClInclude Include="include\libcake\error.h">
      <Filter>Header Files</Filter>
    </ClInclude>
    <ClInclude Include="include\libcake\fdio.h">
      <Filter>Header Files</Filter>
    </ClInclude>
    <ClInclude Include="include\libcake\file.h">
      <Filter>Header Files</Filter>
    </ClInclude>
    <ClInclude Include="include\libcake\fileobject.h">
      <Filter>Header Files</Filter>
    </ClInclude>
    <ClInclude Include="include\libcake\hook.h">
      <Filter>Header Files</Filter>
    </ClInclude>
    <ClInclude Include="include\libcake\html.h">
      <Filter>Header Files</Filter>
    </ClInclude>
    <ClInclude Include="include\libcake\http.h">
      <Filter>Header Files</Filter>
    </ClInclude>
    <ClInclude Include="include\libcake\option.h">
      <Filter>Header Files</Filter>
    </ClInclude>
    <ClInclude Include="include\libcake\pipe.h">
      <Filter>Header Files</Filter>
    </ClInclude>
    <ClInclude Include="include\libcake\process.h">
      <Filter>Header Files</Filter>
    </ClInclude>
    <ClInclude Include="include\libcake\signal.h">
      <Filter>Header Files</Filter>
    </ClInclude>
    <ClInclude Include="include\libcake\socket.h">
      <Filter>Header Files</Filter>
    </ClInclude>
    <ClInclude Include="include\libcake\strutf16.h">
      <Filter>Header Files</Filter>
    </ClInclude>
    <ClInclude Include="include\libcake\strutf8.h">
      <Filter>Header Files</Filter>
    </ClInclude>
    <ClInclude Include="include\libcake\thread.h">
      <Filter>Header Files</Filter>
    </ClInclude>
    <ClInclude Include="include\libcake\time.h">
      <Filter>Header Files</Filter>
    </ClInclude>
    <ClInclude Include="include\libcake\vector.h">
      <Filter>Header Files</Filter>
    </ClInclude>
    <ClInclude Include="include\libcake\win.h">
      <Filter>Header Files</Filter>
    </ClInclude>
    <ClInclude Include="include\libcake\window.h">
      <Filter>Header Files</Filter>
    </ClInclude>
  </ItemGroup>
</Project>